// !$*UTF8*$!
{
	archiveVersion = 1;
	classes = {
	};
	objectVersion = 50;
	objects = {

/* Begin PBXBuildFile section */
		B5C67DFD254742AA0062FA86 /* AppDelegate.swift in Sources */ = {isa = PBXBuildFile; fileRef = B5C67DFC254742AA0062FA86 /* AppDelegate.swift */; };
		B5C67DFF254742AA0062FA86 /* SceneDelegate.swift in Sources */ = {isa = PBXBuildFile; fileRef = B5C67DFE254742AA0062FA86 /* SceneDelegate.swift */; };
		B5C67E01254742AA0062FA86 /* ViewController.swift in Sources */ = {isa = PBXBuildFile; fileRef = B5C67E00254742AA0062FA86 /* ViewController.swift */; };
		B5C67E04254742AA0062FA86 /* Main.storyboard in Resources */ = {isa = PBXBuildFile; fileRef = B5C67E02254742AA0062FA86 /* Main.storyboard */; };
		B5C67E06254742AB0062FA86 /* Assets.xcassets in Resources */ = {isa = PBXBuildFile; fileRef = B5C67E05254742AB0062FA86 /* Assets.xcassets */; };
		B5C67E09254742AB0062FA86 /* LaunchScreen.storyboard in Resources */ = {isa = PBXBuildFile; fileRef = B5C67E07254742AB0062FA86 /* LaunchScreen.storyboard */; };
		B5C67E14254742AB0062FA86 /* iOSPracticeTests.swift in Sources */ = {isa = PBXBuildFile; fileRef = B5C67E13254742AB0062FA86 /* iOSPracticeTests.swift */; };
		B5C67E1F254742AB0062FA86 /* iOSPracticeUITests.swift in Sources */ = {isa = PBXBuildFile; fileRef = B5C67E1E254742AB0062FA86 /* iOSPracticeUITests.swift */; };
/* End PBXBuildFile section */

/* Begin PBXContainerItemProxy section */
		B5C67E10254742AB0062FA86 /* PBXContainerItemProxy */ = {
			isa = PBXContainerItemProxy;
			containerPortal = B5C67DF1254742AA0062FA86 /* Project object */;
			proxyType = 1;
			remoteGlobalIDString = B5C67DF8254742AA0062FA86;
			remoteInfo = iOSPractice;
		};
		B5C67E1B254742AB0062FA86 /* PBXContainerItemProxy */ = {
			isa = PBXContainerItemProxy;
			containerPortal = B5C67DF1254742AA0062FA86 /* Project object */;
			proxyType = 1;
			remoteGlobalIDString = B5C67DF8254742AA0062FA86;
			remoteInfo = iOSPractice;
		};
/* End PBXContainerItemProxy section */

/* Begin PBXFileReference section */
		B5C67DF9254742AA0062FA86 /* iOSPractice.app */ = {isa = PBXFileReference; explicitFileType = wrapper.application; includeInIndex = 0; path = iOSPractice.app; sourceTree = BUILT_PRODUCTS_DIR; };
		B5C67DFC254742AA0062FA86 /* AppDelegate.swift */ = {isa = PBXFileReference; lastKnownFileType = sourcecode.swift; path = AppDelegate.swift; sourceTree = "<group>"; };
		B5C67DFE254742AA0062FA86 /* SceneDelegate.swift */ = {isa = PBXFileReference; lastKnownFileType = sourcecode.swift; path = SceneDelegate.swift; sourceTree = "<group>"; };
		B5C67E00254742AA0062FA86 /* ViewController.swift */ = {isa = PBXFileReference; lastKnownFileType = sourcecode.swift; path = ViewController.swift; sourceTree = "<group>"; };
		B5C67E03254742AA0062FA86 /* Base */ = {isa = PBXFileReference; lastKnownFileType = file.storyboard; name = Base; path = Base.lproj/Main.storyboard; sourceTree = "<group>"; };
		B5C67E05254742AB0062FA86 /* Assets.xcassets */ = {isa = PBXFileReference; lastKnownFileType = folder.assetcatalog; path = Assets.xcassets; sourceTree = "<group>"; };
		B5C67E08254742AB0062FA86 /* Base */ = {isa = PBXFileReference; lastKnownFileType = file.storyboard; name = Base; path = Base.lproj/LaunchScreen.storyboard; sourceTree = "<group>"; };
		B5C67E0A254742AB0062FA86 /* Info.plist */ = {isa = PBXFileReference; lastKnownFileType = text.plist.xml; path = Info.plist; sourceTree = "<group>"; };
		B5C67E0F254742AB0062FA86 /* iOSPracticeTests.xctest */ = {isa = PBXFileReference; explicitFileType = wrapper.cfbundle; includeInIndex = 0; path = iOSPracticeTests.xctest; sourceTree = BUILT_PRODUCTS_DIR; };
		B5C67E13254742AB0062FA86 /* iOSPracticeTests.swift */ = {isa = PBXFileReference; lastKnownFileType = sourcecode.swift; path = iOSPracticeTests.swift; sourceTree = "<group>"; };
		B5C67E15254742AB0062FA86 /* Info.plist */ = {isa = PBXFileReference; lastKnownFileType = text.plist.xml; path = Info.plist; sourceTree = "<group>"; };
		B5C67E1A254742AB0062FA86 /* iOSPracticeUITests.xctest */ = {isa = PBXFileReference; explicitFileType = wrapper.cfbundle; includeInIndex = 0; path = iOSPracticeUITests.xctest; sourceTree = BUILT_PRODUCTS_DIR; };
		B5C67E1E254742AB0062FA86 /* iOSPracticeUITests.swift */ = {isa = PBXFileReference; lastKnownFileType = sourcecode.swift; path = iOSPracticeUITests.swift; sourceTree = "<group>"; };
		B5C67E20254742AB0062FA86 /* Info.plist */ = {isa = PBXFileReference; lastKnownFileType = text.plist.xml; path = Info.plist; sourceTree = "<group>"; };
/* End PBXFileReference section */

/* Begin PBXFrameworksBuildPhase section */
		B5C67DF6254742AA0062FA86 /* Frameworks */ = {
			isa = PBXFrameworksBuildPhase;
			buildActionMask = 2147483647;
			files = (
			);
			runOnlyForDeploymentPostprocessing = 0;
		};
		B5C67E0C254742AB0062FA86 /* Frameworks */ = {
			isa = PBXFrameworksBuildPhase;
			buildActionMask = 2147483647;
			files = (
			);
			runOnlyForDeploymentPostprocessing = 0;
		};
		B5C67E17254742AB0062FA86 /* Frameworks */ = {
			isa = PBXFrameworksBuildPhase;
			buildActionMask = 2147483647;
			files = (
			);
			runOnlyForDeploymentPostprocessing = 0;
		};
/* End PBXFrameworksBuildPhase section */

/* Begin PBXGroup section */
		B5C67DF0254742AA0062FA86 = {
			isa = PBXGroup;
			children = (
				B5C67DFB254742AA0062FA86 /* iOSPractice */,
				B5C67E12254742AB0062FA86 /* iOSPracticeTests */,
				B5C67E1D254742AB0062FA86 /* iOSPracticeUITests */,
				B5C67DFA254742AA0062FA86 /* Products */,
			);
			sourceTree = "<group>";
		};
		B5C67DFA254742AA0062FA86 /* Products */ = {
			isa = PBXGroup;
			children = (
				B5C67DF9254742AA0062FA86 /* iOSPractice.app */,
				B5C67E0F254742AB0062FA86 /* iOSPracticeTests.xctest */,
				B5C67E1A254742AB0062FA86 /* iOSPracticeUITests.xctest */,
			);
			name = Products;
			sourceTree = "<group>";
		};
		B5C67DFB254742AA0062FA86 /* iOSPractice */ = {
			isa = PBXGroup;
			children = (
				B5C67DFC254742AA0062FA86 /* AppDelegate.swift */,
				B5C67DFE254742AA0062FA86 /* SceneDelegate.swift */,
				B5C67E00254742AA0062FA86 /* ViewController.swift */,
				B5C67E02254742AA0062FA86 /* Main.storyboard */,
				B5C67E05254742AB0062FA86 /* Assets.xcassets */,
				B5C67E07254742AB0062FA86 /* LaunchScreen.storyboard */,
				B5C67E0A254742AB0062FA86 /* Info.plist */,
			);
			path = iOSPractice;
			sourceTree = "<group>";
		};
		B5C67E12254742AB0062FA86 /* iOSPracticeTests */ = {
			isa = PBXGroup;
			children = (
				B5C67E13254742AB0062FA86 /* iOSPracticeTests.swift */,
				B5C67E15254742AB0062FA86 /* Info.plist */,
			);
			path = iOSPracticeTests;
			sourceTree = "<group>";
		};
		B5C67E1D254742AB0062FA86 /* iOSPracticeUITests */ = {
			isa = PBXGroup;
			children = (
				B5C67E1E254742AB0062FA86 /* iOSPracticeUITests.swift */,
				B5C67E20254742AB0062FA86 /* Info.plist */,
			);
			path = iOSPracticeUITests;
			sourceTree = "<group>";
		};
/* End PBXGroup section */

/* Begin PBXNativeTarget section */
		B5C67DF8254742AA0062FA86 /* iOSPractice */ = {
			isa = PBXNativeTarget;
			buildConfigurationList = B5C67E23254742AB0062FA86 /* Build configuration list for PBXNativeTarget "iOSPractice" */;
			buildPhases = (
				B5C67DF5254742AA0062FA86 /* Sources */,
				B5C67DF6254742AA0062FA86 /* Frameworks */,
				B5C67DF7254742AA0062FA86 /* Resources */,
			);
			buildRules = (
			);
			dependencies = (
			);
			name = iOSPractice;
			productName = iOSPractice;
			productReference = B5C67DF9254742AA0062FA86 /* iOSPractice.app */;
			productType = "com.apple.product-type.application";
		};
		B5C67E0E254742AB0062FA86 /* iOSPracticeTests */ = {
			isa = PBXNativeTarget;
			buildConfigurationList = B5C67E26254742AB0062FA86 /* Build configuration list for PBXNativeTarget "iOSPracticeTests" */;
			buildPhases = (
				B5C67E0B254742AB0062FA86 /* Sources */,
				B5C67E0C254742AB0062FA86 /* Frameworks */,
				B5C67E0D254742AB0062FA86 /* Resources */,
			);
			buildRules = (
			);
			dependencies = (
				B5C67E11254742AB0062FA86 /* PBXTargetDependency */,
			);
			name = iOSPracticeTests;
			productName = iOSPracticeTests;
			productReference = B5C67E0F254742AB0062FA86 /* iOSPracticeTests.xctest */;
			productType = "com.apple.product-type.bundle.unit-test";
		};
		B5C67E19254742AB0062FA86 /* iOSPracticeUITests */ = {
			isa = PBXNativeTarget;
			buildConfigurationList = B5C67E29254742AB0062FA86 /* Build configuration list for PBXNativeTarget "iOSPracticeUITests" */;
			buildPhases = (
				B5C67E16254742AB0062FA86 /* Sources */,
				B5C67E17254742AB0062FA86 /* Frameworks */,
				B5C67E18254742AB0062FA86 /* Resources */,
			);
			buildRules = (
			);
			dependencies = (
				B5C67E1C254742AB0062FA86 /* PBXTargetDependency */,
			);
			name = iOSPracticeUITests;
			productName = iOSPracticeUITests;
			productReference = B5C67E1A254742AB0062FA86 /* iOSPracticeUITests.xctest */;
			productType = "com.apple.product-type.bundle.ui-testing";
		};
/* End PBXNativeTarget section */

/* Begin PBXProject section */
		B5C67DF1254742AA0062FA86 /* Project object */ = {
			isa = PBXProject;
			attributes = {
				LastSwiftUpdateCheck = 1200;
				LastUpgradeCheck = 1200;
				TargetAttributes = {
					B5C67DF8254742AA0062FA86 = {
						CreatedOnToolsVersion = 12.0.1;
					};
					B5C67E0E254742AB0062FA86 = {
						CreatedOnToolsVersion = 12.0.1;
						TestTargetID = B5C67DF8254742AA0062FA86;
					};
					B5C67E19254742AB0062FA86 = {
						CreatedOnToolsVersion = 12.0.1;
						TestTargetID = B5C67DF8254742AA0062FA86;
					};
				};
			};
			buildConfigurationList = B5C67DF4254742AA0062FA86 /* Build configuration list for PBXProject "iOSPractice" */;
			compatibilityVersion = "Xcode 9.3";
			developmentRegion = en;
			hasScannedForEncodings = 0;
			knownRegions = (
				en,
				Base,
			);
			mainGroup = B5C67DF0254742AA0062FA86;
			productRefGroup = B5C67DFA254742AA0062FA86 /* Products */;
			projectDirPath = "";
			projectRoot = "";
			targets = (
				B5C67DF8254742AA0062FA86 /* iOSPractice */,
				B5C67E0E254742AB0062FA86 /* iOSPracticeTests */,
				B5C67E19254742AB0062FA86 /* iOSPracticeUITests */,
			);
		};
/* End PBXProject section */

/* Begin PBXResourcesBuildPhase section */
		B5C67DF7254742AA0062FA86 /* Resources */ = {
			isa = PBXResourcesBuildPhase;
			buildActionMask = 2147483647;
			files = (
				B5C67E09254742AB0062FA86 /* LaunchScreen.storyboard in Resources */,
				B5C67E06254742AB0062FA86 /* Assets.xcassets in Resources */,
				B5C67E04254742AA0062FA86 /* Main.storyboard in Resources */,
			);
			runOnlyForDeploymentPostprocessing = 0;
		};
		B5C67E0D254742AB0062FA86 /* Resources */ = {
			isa = PBXResourcesBuildPhase;
			buildActionMask = 2147483647;
			files = (
			);
			runOnlyForDeploymentPostprocessing = 0;
		};
		B5C67E18254742AB0062FA86 /* Resources */ = {
			isa = PBXResourcesBuildPhase;
			buildActionMask = 2147483647;
			files = (
			);
			runOnlyForDeploymentPostprocessing = 0;
		};
/* End PBXResourcesBuildPhase section */

/* Begin PBXSourcesBuildPhase section */
		B5C67DF5254742AA0062FA86 /* Sources */ = {
			isa = PBXSourcesBuildPhase;
			buildActionMask = 2147483647;
			files = (
				B5C67E01254742AA0062FA86 /* ViewController.swift in Sources */,
				B5C67DFD254742AA0062FA86 /* AppDelegate.swift in Sources */,
				B5C67DFF254742AA0062FA86 /* SceneDelegate.swift in Sources */,
			);
			runOnlyForDeploymentPostprocessing = 0;
		};
		B5C67E0B254742AB0062FA86 /* Sources */ = {
			isa = PBXSourcesBuildPhase;
			buildActionMask = 2147483647;
			files = (
				B5C67E14254742AB0062FA86 /* iOSPracticeTests.swift in Sources */,
			);
			runOnlyForDeploymentPostprocessing = 0;
		};
		B5C67E16254742AB0062FA86 /* Sources */ = {
			isa = PBXSourcesBuildPhase;
			buildActionMask = 2147483647;
			files = (
				B5C67E1F254742AB0062FA86 /* iOSPracticeUITests.swift in Sources */,
			);
			runOnlyForDeploymentPostprocessing = 0;
		};
/* End PBXSourcesBuildPhase section */

/* Begin PBXTargetDependency section */
		B5C67E11254742AB0062FA86 /* PBXTargetDependency */ = {
			isa = PBXTargetDependency;
			target = B5C67DF8254742AA0062FA86 /* iOSPractice */;
			targetProxy = B5C67E10254742AB0062FA86 /* PBXContainerItemProxy */;
		};
		B5C67E1C254742AB0062FA86 /* PBXTargetDependency */ = {
			isa = PBXTargetDependency;
			target = B5C67DF8254742AA0062FA86 /* iOSPractice */;
			targetProxy = B5C67E1B254742AB0062FA86 /* PBXContainerItemProxy */;
		};
/* End PBXTargetDependency section */

/* Begin PBXVariantGroup section */
		B5C67E02254742AA0062FA86 /* Main.storyboard */ = {
			isa = PBXVariantGroup;
			children = (
				B5C67E03254742AA0062FA86 /* Base */,
			);
			name = Main.storyboard;
			sourceTree = "<group>";
		};
		B5C67E07254742AB0062FA86 /* LaunchScreen.storyboard */ = {
			isa = PBXVariantGroup;
			children = (
				B5C67E08254742AB0062FA86 /* Base */,
			);
			name = LaunchScreen.storyboard;
			sourceTree = "<group>";
		};
/* End PBXVariantGroup section */

/* Begin XCBuildConfiguration section */
		B5C67E21254742AB0062FA86 /* Debug */ = {
			isa = XCBuildConfiguration;
			buildSettings = {
				ALWAYS_SEARCH_USER_PATHS = NO;
				CLANG_ANALYZER_NONNULL = YES;
				CLANG_ANALYZER_NUMBER_OBJECT_CONVERSION = YES_AGGRESSIVE;
				CLANG_CXX_LANGUAGE_STANDARD = "gnu++14";
				CLANG_CXX_LIBRARY = "libc++";
				CLANG_ENABLE_MODULES = YES;
				CLANG_ENABLE_OBJC_ARC = YES;
				CLANG_ENABLE_OBJC_WEAK = YES;
				CLANG_WARN_BLOCK_CAPTURE_AUTORELEASING = YES;
				CLANG_WARN_BOOL_CONVERSION = YES;
				CLANG_WARN_COMMA = YES;
				CLANG_WARN_CONSTANT_CONVERSION = YES;
				CLANG_WARN_DEPRECATED_OBJC_IMPLEMENTATIONS = YES;
				CLANG_WARN_DIRECT_OBJC_ISA_USAGE = YES_ERROR;
				CLANG_WARN_DOCUMENTATION_COMMENTS = YES;
				CLANG_WARN_EMPTY_BODY = YES;
				CLANG_WARN_ENUM_CONVERSION = YES;
				CLANG_WARN_INFINITE_RECURSION = YES;
				CLANG_WARN_INT_CONVERSION = YES;
				CLANG_WARN_NON_LITERAL_NULL_CONVERSION = YES;
				CLANG_WARN_OBJC_IMPLICIT_RETAIN_SELF = YES;
				CLANG_WARN_OBJC_LITERAL_CONVERSION = YES;
				CLANG_WARN_OBJC_ROOT_CLASS = YES_ERROR;
				CLANG_WARN_QUOTED_INCLUDE_IN_FRAMEWORK_HEADER = YES;
				CLANG_WARN_RANGE_LOOP_ANALYSIS = YES;
				CLANG_WARN_STRICT_PROTOTYPES = YES;
				CLANG_WARN_SUSPICIOUS_MOVE = YES;
				CLANG_WARN_UNGUARDED_AVAILABILITY = YES_AGGRESSIVE;
				CLANG_WARN_UNREACHABLE_CODE = YES;
				CLANG_WARN__DUPLICATE_METHOD_MATCH = YES;
				COPY_PHASE_STRIP = NO;
				DEBUG_INFORMATION_FORMAT = dwarf;
				ENABLE_STRICT_OBJC_MSGSEND = YES;
				ENABLE_TESTABILITY = YES;
				GCC_C_LANGUAGE_STANDARD = gnu11;
				GCC_DYNAMIC_NO_PIC = NO;
				GCC_NO_COMMON_BLOCKS = YES;
				GCC_OPTIMIZATION_LEVEL = 0;
				GCC_PREPROCESSOR_DEFINITIONS = (
					"DEBUG=1",
					"$(inherited)",
				);
				GCC_WARN_64_TO_32_BIT_CONVERSION = YES;
				GCC_WARN_ABOUT_RETURN_TYPE = YES_ERROR;
				GCC_WARN_UNDECLARED_SELECTOR = YES;
				GCC_WARN_UNINITIALIZED_AUTOS = YES_AGGRESSIVE;
				GCC_WARN_UNUSED_FUNCTION = YES;
				GCC_WARN_UNUSED_VARIABLE = YES;
				IPHONEOS_DEPLOYMENT_TARGET = 14.0;
				MTL_ENABLE_DEBUG_INFO = INCLUDE_SOURCE;
				MTL_FAST_MATH = YES;
				ONLY_ACTIVE_ARCH = YES;
				SDKROOT = iphoneos;
				SWIFT_ACTIVE_COMPILATION_CONDITIONS = DEBUG;
				SWIFT_OPTIMIZATION_LEVEL = "-Onone";
			};
			name = Debug;
		};
		B5C67E22254742AB0062FA86 /* Release */ = {
			isa = XCBuildConfiguration;
			buildSettings = {
				ALWAYS_SEARCH_USER_PATHS = NO;
				CLANG_ANALYZER_NONNULL = YES;
				CLANG_ANALYZER_NUMBER_OBJECT_CONVERSION = YES_AGGRESSIVE;
				CLANG_CXX_LANGUAGE_STANDARD = "gnu++14";
				CLANG_CXX_LIBRARY = "libc++";
				CLANG_ENABLE_MODULES = YES;
				CLANG_ENABLE_OBJC_ARC = YES;
				CLANG_ENABLE_OBJC_WEAK = YES;
				CLANG_WARN_BLOCK_CAPTURE_AUTORELEASING = YES;
				CLANG_WARN_BOOL_CONVERSION = YES;
				CLANG_WARN_COMMA = YES;
				CLANG_WARN_CONSTANT_CONVERSION = YES;
				CLANG_WARN_DEPRECATED_OBJC_IMPLEMENTATIONS = YES;
				CLANG_WARN_DIRECT_OBJC_ISA_USAGE = YES_ERROR;
				CLANG_WARN_DOCUMENTATION_COMMENTS = YES;
				CLANG_WARN_EMPTY_BODY = YES;
				CLANG_WARN_ENUM_CONVERSION = YES;
				CLANG_WARN_INFINITE_RECURSION = YES;
				CLANG_WARN_INT_CONVERSION = YES;
				CLANG_WARN_NON_LITERAL_NULL_CONVERSION = YES;
				CLANG_WARN_OBJC_IMPLICIT_RETAIN_SELF = YES;
				CLANG_WARN_OBJC_LITERAL_CONVERSION = YES;
				CLANG_WARN_OBJC_ROOT_CLASS = YES_ERROR;
				CLANG_WARN_QUOTED_INCLUDE_IN_FRAMEWORK_HEADER = YES;
				CLANG_WARN_RANGE_LOOP_ANALYSIS = YES;
				CLANG_WARN_STRICT_PROTOTYPES = YES;
				CLANG_WARN_SUSPICIOUS_MOVE = YES;
				CLANG_WARN_UNGUARDED_AVAILABILITY = YES_AGGRESSIVE;
				CLANG_WARN_UNREACHABLE_CODE = YES;
				CLANG_WARN__DUPLICATE_METHOD_MATCH = YES;
				COPY_PHASE_STRIP = NO;
				DEBUG_INFORMATION_FORMAT = "dwarf-with-dsym";
				ENABLE_NS_ASSERTIONS = NO;
				ENABLE_STRICT_OBJC_MSGSEND = YES;
				GCC_C_LANGUAGE_STANDARD = gnu11;
				GCC_NO_COMMON_BLOCKS = YES;
				GCC_WARN_64_TO_32_BIT_CONVERSION = YES;
				GCC_WARN_ABOUT_RETURN_TYPE = YES_ERROR;
				GCC_WARN_UNDECLARED_SELECTOR = YES;
				GCC_WARN_UNINITIALIZED_AUTOS = YES_AGGRESSIVE;
				GCC_WARN_UNUSED_FUNCTION = YES;
				GCC_WARN_UNUSED_VARIABLE = YES;
				IPHONEOS_DEPLOYMENT_TARGET = 14.0;
				MTL_ENABLE_DEBUG_INFO = NO;
				MTL_FAST_MATH = YES;
				SDKROOT = iphoneos;
				SWIFT_COMPILATION_MODE = wholemodule;
				SWIFT_OPTIMIZATION_LEVEL = "-O";
				VALIDATE_PRODUCT = YES;
			};
			name = Release;
		};
		B5C67E24254742AB0062FA86 /* Debug */ = {
			isa = XCBuildConfiguration;
			buildSettings = {
				ASSETCATALOG_COMPILER_APPICON_NAME = AppIcon;
				ASSETCATALOG_COMPILER_GLOBAL_ACCENT_COLOR_NAME = AccentColor;
				CODE_SIGN_STYLE = Automatic;
				INFOPLIST_FILE = iOSPractice/Info.plist;
				LD_RUNPATH_SEARCH_PATHS = (
					"$(inherited)",
					"@executable_path/Frameworks",
				);
				PRODUCT_BUNDLE_IDENTIFIER = iOSDemo.iOSPractice;
				PRODUCT_NAME = "$(TARGET_NAME)";
				SWIFT_VERSION = 5.0;
				TARGETED_DEVICE_FAMILY = "1,2";
			};
			name = Debug;
		};
		B5C67E25254742AB0062FA86 /* Release */ = {
			isa = XCBuildConfiguration;
			buildSettings = {
				ASSETCATALOG_COMPILER_APPICON_NAME = AppIcon;
				ASSETCATALOG_COMPILER_GLOBAL_ACCENT_COLOR_NAME = AccentColor;
				CODE_SIGN_STYLE = Automatic;
				INFOPLIST_FILE = iOSPractice/Info.plist;
				LD_RUNPATH_SEARCH_PATHS = (
					"$(inherited)",
					"@executable_path/Frameworks",
				);
				PRODUCT_BUNDLE_IDENTIFIER = iOSDemo.iOSPractice;
				PRODUCT_NAME = "$(TARGET_NAME)";
				SWIFT_VERSION = 5.0;
				TARGETED_DEVICE_FAMILY = "1,2";
			};
			name = Release;
		};
		B5C67E27254742AB0062FA86 /* Debug */ = {
			isa = XCBuildConfiguration;
			buildSettings = {
				ALWAYS_EMBED_SWIFT_STANDARD_LIBRARIES = YES;
				BUNDLE_LOADER = "$(TEST_HOST)";
				CODE_SIGN_STYLE = Automatic;
				INFOPLIST_FILE = iOSPracticeTests/Info.plist;
				IPHONEOS_DEPLOYMENT_TARGET = 14.0;
				LD_RUNPATH_SEARCH_PATHS = (
					"$(inherited)",
					"@executable_path/Frameworks",
					"@loader_path/Frameworks",
				);
				PRODUCT_BUNDLE_IDENTIFIER = iOSDemo.iOSPracticeTests;
				PRODUCT_NAME = "$(TARGET_NAME)";
				SWIFT_VERSION = 5.0;
				TARGETED_DEVICE_FAMILY = "1,2";
				TEST_HOST = "$(BUILT_PRODUCTS_DIR)/iOSPractice.app/iOSPractice";
			};
			name = Debug;
		};
		B5C67E28254742AB0062FA86 /* Release */ = {
			isa = XCBuildConfiguration;
			buildSettings = {
				ALWAYS_EMBED_SWIFT_STANDARD_LIBRARIES = YES;
				BUNDLE_LOADER = "$(TEST_HOST)";
				CODE_SIGN_STYLE = Automatic;
				INFOPLIST_FILE = iOSPracticeTests/Info.plist;
				IPHONEOS_DEPLOYMENT_TARGET = 14.0;
				LD_RUNPATH_SEARCH_PATHS = (
					"$(inherited)",
					"@executable_path/Frameworks",
					"@loader_path/Frameworks",
				);
				PRODUCT_BUNDLE_IDENTIFIER = iOSDemo.iOSPracticeTests;
				PRODUCT_NAME = "$(TARGET_NAME)";
				SWIFT_VERSION = 5.0;
				TARGETED_DEVICE_FAMILY = "1,2";
				TEST_HOST = "$(BUILT_PRODUCTS_DIR)/iOSPractice.app/iOSPractice";
			};
			name = Release;
		};
		B5C67E2A254742AB0062FA86 /* Debug */ = {
			isa = XCBuildConfiguration;
			buildSettings = {
				ALWAYS_EMBED_SWIFT_STANDARD_LIBRARIES = YES;
				CODE_SIGN_STYLE = Automatic;
				INFOPLIST_FILE = iOSPracticeUITests/Info.plist;
				LD_RUNPATH_SEARCH_PATHS = (
					"$(inherited)",
					"@executable_path/Frameworks",
					"@loader_path/Frameworks",
				);
				PRODUCT_BUNDLE_IDENTIFIER = iOSDemo.iOSPracticeUITests;
				PRODUCT_NAME = "$(TARGET_NAME)";
				SWIFT_VERSION = 5.0;
				TARGETED_DEVICE_FAMILY = "1,2";
				TEST_TARGET_NAME = iOSPractice;
			};
			name = Debug;
		};
		B5C67E2B254742AB0062FA86 /* Release */ = {
			isa = XCBuildConfiguration;
			buildSettings = {
				ALWAYS_EMBED_SWIFT_STANDARD_LIBRARIES = YES;
				CODE_SIGN_STYLE = Automatic;
				INFOPLIST_FILE = iOSPracticeUITests/Info.plist;
				LD_RUNPATH_SEARCH_PATHS = (
					"$(inherited)",
					"@executable_path/Frameworks",
					"@loader_path/Frameworks",
				);
				PRODUCT_BUNDLE_IDENTIFIER = iOSDemo.iOSPracticeUITests;
				PRODUCT_NAME = "$(TARGET_NAME)";
				SWIFT_VERSION = 5.0;
				TARGETED_DEVICE_FAMILY = "1,2";
				TEST_TARGET_NAME = iOSPractice;
			};
			name = Release;
		};
/* End XCBuildConfiguration section */

/* Begin XCConfigurationList section */
		B5C67DF4254742AA0062FA86 /* Build configuration list for PBXProject "iOSPractice" */ = {
			isa = XCConfigurationList;
			buildConfigurations = (
				B5C67E21254742AB0062FA86 /* Debug */,
				B5C67E22254742AB0062FA86 /* Release */,
			);
			defaultConfigurationIsVisible = 0;
			defaultConfigurationName = Release;
		};
		B5C67E23254742AB0062FA86 /* Build configuration list for PBXNativeTarget "iOSPractice" */ = {
			isa = XCConfigurationList;
			buildConfigurations = (
				B5C67E24254742AB0062FA86 /* Debug */,
				B5C67E25254742AB0062FA86 /* Release */,
			);
			defaultConfigurationIsVisible = 0;
			defaultConfigurationName = Release;
		};
		B5C67E26254742AB0062FA86 /* Build configuration list for PBXNativeTarget "iOSPracticeTests" */ = {
			isa = XCConfigurationList;
			buildConfigurations = (
				B5C67E27254742AB0062FA86 /* Debug */,
				B5C67E28254742AB0062FA86 /* Release */,
			);
			defaultConfigurationIsVisible = 0;
			defaultConfigurationName = Release;
		};
		B5C67E29254742AB0062FA86 /* Build configuration list for PBXNativeTarget "iOSPracticeUITests" */ = {
			isa = XCConfigurationList;
			buildConfigurations = (
				B5C67E2A254742AB0062FA86 /* Debug */,
				B5C67E2B254742AB0062FA86 /* Release */,
			);
			defaultConfigurationIsVisible = 0;
			defaultConfigurationName = Release;
		};
/* End XCConfigurationList section */
	};
	rootObject = B5C67DF1254742AA0062FA86 /* Project object */;
}
